
Microsoft Visual Studio Solution File, Format Version 12.00
# Visual Studio Version 17
VisualStudioVersion = 17.8.34316.72
MinimumVisualStudioVersion = 10.0.40219.1
Project("{FAE04EC0-301F-11D3-BF4B-00C04F79EFBC}") = "PL", "PL\PL.csproj", "{AA12887F-C57F-4A19-B7E2-C51E995790D5}"
EndProject
Project("{FAE04EC0-301F-11D3-BF4B-00C04F79EFBC}") = "BLL", "BLL\BLL.csproj", "{4A6A1E3F-D0C8-4BFD-856A-61FC0686EC39}"
EndProject
Project("{FAE04EC0-301F-11D3-BF4B-00C04F79EFBC}") = "DAL", "DAL\DAL.csproj", "{4C81907E-1956-4CC0-A890-5A6CBA575D6B}"
EndProject
Global
	GlobalSection(SolutionConfigurationPlatforms) = preSolution
		Debug|Any CPU = Debug|Any CPU
		Release|Any CPU = Release|Any CPU
	EndGlobalSection
	GlobalSection(ProjectConfigurationPlatforms) = postSolution
		{AA12887F-C57F-4A19-B7E2-C51E995790D5}.Debug|Any CPU.ActiveCfg = Debug|Any CPU
		{AA12887F-C57F-4A19-B7E2-C51E995790D5}.Debug|Any CPU.Build.0 = Debug|Any CPU
		{AA12887F-C57F-4A19-B7E2-C51E995790D5}.Release|Any CPU.ActiveCfg = Release|Any CPU
		{AA12887F-C57F-4A19-B7E2-C51E995790D5}.Release|Any CPU.Build.0 = Release|Any CPU
		{4A6A1E3F-D0C8-4BFD-856A-61FC0686EC39}.Debug|Any CPU.ActiveCfg = Debug|Any CPU
		{4A6A1E3F-D0C8-4BFD-856A-61FC0686EC39}.Debug|Any CPU.Build.0 = Debug|Any CPU
		{4A6A1E3F-D0C8-4BFD-856A-61FC0686EC39}.Release|Any CPU.ActiveCfg = Release|Any CPU
		{4A6A1E3F-D0C8-4BFD-856A-61FC0686EC39}.Release|Any CPU.Build.0 = Release|Any CPU
		{4C81907E-1956-4CC0-A890-5A6CBA575D6B}.Debug|Any CPU.ActiveCfg = Debug|Any CPU
		{4C81907E-1956-4CC0-A890-5A6CBA575D6B}.Debug|Any CPU.Build.0 = Debug|Any CPU
		{4C81907E-1956-4CC0-A890-5A6CBA575D6B}.Release|Any CPU.ActiveCfg = Release|Any CPU
		{4C81907E-1956-4CC0-A890-5A6CBA575D6B}.Release|Any CPU.Build.0 = Release|Any CPU
	EndGlobalSection
	GlobalSection(SolutionProperties) = preSolution
		HideSolutionNode = FALSE
	EndGlobalSection
	GlobalSection(ExtensibilityGlobals) = postSolution
		SolutionGuid = {D4E7018C-0993-4EC6-A06E-48948A379648}
	EndGlobalSection
EndGlobal
